
Microsoft Visual Studio Solution File, Format Version 12.00
# Visual Studio Version 17
VisualStudioVersion = 17.5.002.0
MinimumVisualStudioVersion = 10.0.40219.1
Project("{9A19103F-16F7-4668-BE54-9A1E7A4F7556}") = "CoffeeAPI", "CoffeeAPI\CoffeeAPI.csproj", "{D9C0F810-5CD2-4256-9D94-639C7DD4838C}"
EndProject
Project("{9A19103F-16F7-4668-BE54-9A1E7A4F7556}") = "TeaAPI", "TeaAPI\TeaAPI.csproj", "{2962DE5A-D933-448E-85BA-06002FB2C965}"
EndProject
Global
	GlobalSection(SolutionConfigurationPlatforms) = preSolution
		Debug|Any CPU = Debug|Any CPU
		Release|Any CPU = Release|Any CPU
	EndGlobalSection
	GlobalSection(ProjectConfigurationPlatforms) = postSolution
		{D9C0F810-5CD2-4256-9D94-639C7DD4838C}.Debug|Any CPU.ActiveCfg = Debug|Any CPU
		{D9C0F810-5CD2-4256-9D94-639C7DD4838C}.Debug|Any CPU.Build.0 = Debug|Any CPU
		{D9C0F810-5CD2-4256-9D94-639C7DD4838C}.Release|Any CPU.ActiveCfg = Release|Any CPU
		{D9C0F810-5CD2-4256-9D94-639C7DD4838C}.Release|Any CPU.Build.0 = Release|Any CPU
		{2962DE5A-D933-448E-85BA-06002FB2C965}.Debug|Any CPU.ActiveCfg = Debug|Any CPU
		{2962DE5A-D933-448E-85BA-06002FB2C965}.Debug|Any CPU.Build.0 = Debug|Any CPU
		{2962DE5A-D933-448E-85BA-06002FB2C965}.Release|Any CPU.ActiveCfg = Release|Any CPU
		{2962DE5A-D933-448E-85BA-06002FB2C965}.Release|Any CPU.Build.0 = Release|Any CPU
	EndGlobalSection
	GlobalSection(SolutionProperties) = preSolution
		HideSolutionNode = FALSE
	EndGlobalSection
	GlobalSection(ExtensibilityGlobals) = postSolution
		SolutionGuid = {90C6F4EB-407B-49FF-8D29-DA3034EF7C2D}
	EndGlobalSection
EndGlobal
